
Microsoft Visual Studio Solution File, Format Version 12.00
# Visual Studio Version 17
VisualStudioVersion = 17.11.35303.130
MinimumVisualStudioVersion = 10.0.40219.1
Project("{FAE04EC0-301F-11D3-BF4B-00C04F79EFBC}") = "eMuhasebeServer.Application", "eMuhasebeServer.Application\eMuhasebeServer.Application.csproj", "{1D883ACE-63DD-4B8D-95EC-F96176FF0B72}"
EndProject
Project("{FAE04EC0-301F-11D3-BF4B-00C04F79EFBC}") = "eMuhasebeServer.Domain", "eMuhasebeServer.Domain\eMuhasebeServer.Domain.csproj", "{21A4C1C0-FCD7-4E0B-B657-F7C853CD1945}"
EndProject
Project("{FAE04EC0-301F-11D3-BF4B-00C04F79EFBC}") = "eMuhasebeServer.Infrastructure", "eMuhasebeServer.Infrastructure\eMuhasebeServer.Infrastructure.csproj", "{6BF67750-EA33-4B81-8A20-00D001DEE2FA}"
EndProject
Project("{FAE04EC0-301F-11D3-BF4B-00C04F79EFBC}") = "eMuhasebeServer.WebAPI", "eMuhasebeServer.WebAPI\eMuhasebeServer.WebAPI.csproj", "{4737D76D-1220-428D-96D7-580F271BE278}"
EndProject
Global
	GlobalSection(SolutionConfigurationPlatforms) = preSolution
		Debug|Any CPU = Debug|Any CPU
		Release|Any CPU = Release|Any CPU
	EndGlobalSection
	GlobalSection(ProjectConfigurationPlatforms) = postSolution
		{1D883ACE-63DD-4B8D-95EC-F96176FF0B72}.Debug|Any CPU.ActiveCfg = Debug|Any CPU
		{1D883ACE-63DD-4B8D-95EC-F96176FF0B72}.Debug|Any CPU.Build.0 = Debug|Any CPU
		{1D883ACE-63DD-4B8D-95EC-F96176FF0B72}.Release|Any CPU.ActiveCfg = Release|Any CPU
		{1D883ACE-63DD-4B8D-95EC-F96176FF0B72}.Release|Any CPU.Build.0 = Release|Any CPU
		{21A4C1C0-FCD7-4E0B-B657-F7C853CD1945}.Debug|Any CPU.ActiveCfg = Debug|Any CPU
		{21A4C1C0-FCD7-4E0B-B657-F7C853CD1945}.Debug|Any CPU.Build.0 = Debug|Any CPU
		{21A4C1C0-FCD7-4E0B-B657-F7C853CD1945}.Release|Any CPU.ActiveCfg = Release|Any CPU
		{21A4C1C0-FCD7-4E0B-B657-F7C853CD1945}.Release|Any CPU.Build.0 = Release|Any CPU
		{6BF67750-EA33-4B81-8A20-00D001DEE2FA}.Debug|Any CPU.ActiveCfg = Debug|Any CPU
		{6BF67750-EA33-4B81-8A20-00D001DEE2FA}.Debug|Any CPU.Build.0 = Debug|Any CPU
		{6BF67750-EA33-4B81-8A20-00D001DEE2FA}.Release|Any CPU.ActiveCfg = Release|Any CPU
		{6BF67750-EA33-4B81-8A20-00D001DEE2FA}.Release|Any CPU.Build.0 = Release|Any CPU
		{4737D76D-1220-428D-96D7-580F271BE278}.Debug|Any CPU.ActiveCfg = Debug|Any CPU
		{4737D76D-1220-428D-96D7-580F271BE278}.Debug|Any CPU.Build.0 = Debug|Any CPU
		{4737D76D-1220-428D-96D7-580F271BE278}.Release|Any CPU.ActiveCfg = Release|Any CPU
		{4737D76D-1220-428D-96D7-580F271BE278}.Release|Any CPU.Build.0 = Release|Any CPU
	EndGlobalSection
	GlobalSection(SolutionProperties) = preSolution
		HideSolutionNode = FALSE
	EndGlobalSection
	GlobalSection(ExtensibilityGlobals) = postSolution
		SolutionGuid = {23D0F791-0F19-4566-A63D-616727F88335}
	EndGlobalSection
EndGlobal
